<?xml version="1.0" encoding="utf-8"?>
<Project ToolsVersion="4.0" xmlns="http://schemas.microsoft.com/developer/msbuild/2003">
  <ItemGroup>
    <Filter Include="Source Files">
      <UniqueIdentifier>{4FC737F1-C7A5-4376-A066-2A32D752A2FF}</UniqueIdentifier>
      <Extensions>cpp;c;cc;cxx;def;odl;idl;hpj;bat;asm;asmx</Extensions>
    </Filter>
    <Filter Include="Header Files">
      <UniqueIdentifier>{93995380-89BD-4b04-88EB-625FBE52EBFB}</UniqueIdentifier>
      <Extensions>h;hh;hpp;hxx;hm;inl;inc;xsd</Extensions>
    </Filter>
    <Filter Include="Resource Files">
      <UniqueIdentifier>{67DA6AB6-F800-4c08-8B7A-83BB121AAD01}</UniqueIdentifier>
      <Extensions>rc;ico;cur;bmp;dlg;rc2;rct;bin;rgs;gif;jpg;jpeg;jpe;resx;tiff;tif;png;wav;mfcribbon-ms</Extensions>
    </Filter>
  </ItemGroup>
  <ItemGroup>
    <ClInclude Include="Test.h">
      <Filter>Header Files</Filter>
    </ClInclude>
    <ClInclude Include="..\..\DespotifyLib\DespotifyLib\deslib\aes.h">
      <Filter>Header Files</Filter>
    </ClInclude>
    <ClInclude Include="..\..\DespotifyLib\DespotifyLib\deslib\auth.h">
      <Filter>Header Files</Filter>
    </ClInclude>
    <ClInclude Include="..\..\DespotifyLib\DespotifyLib\deslib\buf.h">
      <Filter>Header Files</Filter>
    </ClInclude>
    <ClInclude Include="..\..\DespotifyLib\DespotifyLib\deslib\cache.h">
      <Filter>Header Files</Filter>
    </ClInclude>
    <ClInclude Include="..\..\DespotifyLib\DespotifyLib\deslib\channel.h">
      <Filter>Header Files</Filter>
    </ClInclude>
    <ClInclude Include="..\..\DespotifyLib\DespotifyLib\deslib\commands.h">
      <Filter>Header Files</Filter>
    </ClInclude>
    <ClInclude Include="..\..\DespotifyLib\DespotifyLib\deslib\despotify.h">
      <Filter>Header Files</Filter>
    </ClInclude>
    <ClInclude Include="..\..\DespotifyLib\DespotifyLib\deslib\despotify-simple.h">
      <Filter>Header Files</Filter>
    </ClInclude>
    <ClInclude Include="..\..\DespotifyLib\DespotifyLib\deslib\dns.h">
      <Filter>Header Files</Filter>
    </ClInclude>
    <ClInclude Include="..\..\DespotifyLib\DespotifyLib\deslib\ezxml.h">
      <Filter>Header Files</Filter>
    </ClInclude>
    <ClInclude Include="..\..\DespotifyLib\DespotifyLib\deslib\handlers.h">
      <Filter>Header Files</Filter>
    </ClInclude>
    <ClInclude Include="..\..\DespotifyLib\DespotifyLib\deslib\hmac.h">
      <Filter>Header Files</Filter>
    </ClInclude>
    <ClInclude Include="..\..\DespotifyLib\DespotifyLib\deslib\keyexchange.h">
      <Filter>Header Files</Filter>
    </ClInclude>
    <ClInclude Include="..\..\DespotifyLib\DespotifyLib\deslib\network.h">
      <Filter>Header Files</Filter>
    </ClInclude>
    <ClInclude Include="..\..\DespotifyLib\DespotifyLib\deslib\packet.h">
      <Filter>Header Files</Filter>
    </ClInclude>
    <ClInclude Include="..\..\DespotifyLib\DespotifyLib\deslib\puzzle.h">
      <Filter>Header Files</Filter>
    </ClInclude>
    <ClInclude Include="..\..\DespotifyLib\DespotifyLib\deslib\session.h">
      <Filter>Header Files</Filter>
    </ClInclude>
    <ClInclude Include="..\..\DespotifyLib\DespotifyLib\deslib\sha1.hpp">
      <Filter>Header Files</Filter>
    </ClInclude>
    <ClInclude Include="..\..\DespotifyLib\DespotifyLib\deslib\shn.h">
      <Filter>Header Files</Filter>
    </ClInclude>
    <ClInclude Include="..\..\DespotifyLib\DespotifyLib\deslib\sndqueue.h">
      <Filter>Header Files</Filter>
    </ClInclude>
    <ClInclude Include="..\..\DespotifyLib\DespotifyLib\deslib\util.h">
      <Filter>Header Files</Filter>
    </ClInclude>
    <ClInclude Include="..\..\DespotifyLib\DespotifyLib\deslib\winnt.h">
      <Filter>Header Files</Filter>
    </ClInclude>
    <ClInclude Include="..\..\DespotifyLib\DespotifyLib\deslib\xml.h">
      <Filter>Header Files</Filter>
    </ClInclude>
  </ItemGroup>
  <ItemGroup>
    <ClCompile Include="Test.cpp">
      <Filter>Source Files</Filter>
    </ClCompile>
    <ClCompile Include="Main.cpp">
      <Filter>Source Files</Filter>
    </ClCompile>
    <ClCompile Include="..\..\DespotifyLib\DespotifyLib\deslib\aes.c">
      <Filter>Header Files</Filter>
    </ClCompile>
    <ClCompile Include="..\..\DespotifyLib\DespotifyLib\deslib\auth.c">
      <Filter>Header Files</Filter>
    </ClCompile>
    <ClCompile Include="..\..\DespotifyLib\DespotifyLib\deslib\buf.c">
      <Filter>Header Files</Filter>
    </ClCompile>
    <ClCompile Include="..\..\DespotifyLib\DespotifyLib\deslib\cache.c">
      <Filter>Header Files</Filter>
    </ClCompile>
    <ClCompile Include="..\..\DespotifyLib\DespotifyLib\deslib\channel.c">
      <Filter>Header Files</Filter>
    </ClCompile>
    <ClCompile Include="..\..\DespotifyLib\DespotifyLib\deslib\commands.c">
      <Filter>Header Files</Filter>
    </ClCompile>
    <ClCompile Include="..\..\DespotifyLib\DespotifyLib\deslib\despotify.c">
      <Filter>Header Files</Filter>
    </ClCompile>
    <ClCompile Include="..\..\DespotifyLib\DespotifyLib\deslib\dns.c">
      <Filter>Header Files</Filter>
    </ClCompile>
    <ClCompile Include="..\..\DespotifyLib\DespotifyLib\deslib\ezxml.c">
      <Filter>Header Files</Filter>
    </ClCompile>
    <ClCompile Include="..\..\DespotifyLib\DespotifyLib\deslib\handlers.c">
      <Filter>Header Files</Filter>
    </ClCompile>
    <ClCompile Include="..\..\DespotifyLib\DespotifyLib\deslib\hmac.c">
      <Filter>Header Files</Filter>
    </ClCompile>
    <ClCompile Include="..\..\DespotifyLib\DespotifyLib\deslib\keyexchange.c">
      <Filter>Header Files</Filter>
    </ClCompile>
    <ClCompile Include="..\..\DespotifyLib\DespotifyLib\deslib\network.c">
      <Filter>Header Files</Filter>
    </ClCompile>
    <ClCompile Include="..\..\DespotifyLib\DespotifyLib\deslib\packet.c">
      <Filter>Header Files</Filter>
    </ClCompile>
    <ClCompile Include="..\..\DespotifyLib\DespotifyLib\deslib\puzzle.c">
      <Filter>Header Files</Filter>
    </ClCompile>
    <ClCompile Include="..\..\DespotifyLib\DespotifyLib\deslib\sha1.c">
      <Filter>Header Files</Filter>
    </ClCompile>
    <ClCompile Include="..\..\DespotifyLib\DespotifyLib\deslib\shn.c">
      <Filter>Header Files</Filter>
    </ClCompile>
    <ClCompile Include="..\..\DespotifyLib\DespotifyLib\deslib\sndqueue.c">
      <Filter>Header Files</Filter>
    </ClCompile>
    <ClCompile Include="..\..\DespotifyLib\DespotifyLib\deslib\util.c">
      <Filter>Header Files</Filter>
    </ClCompile>
    <ClCompile Include="..\..\DespotifyLib\DespotifyLib\deslib\xml.c">
      <Filter>Header Files</Filter>
    </ClCompile>
  </ItemGroup>
</Project>