<?xml version="1.0" encoding="utf-8"?>
<Project ToolsVersion="12.0" xmlns="http://schemas.microsoft.com/developer/msbuild/2003">
  <ItemGroup>
    <CustomBuild Include="CMakeFiles\846209ecfeb0c85a539578a40ba0b452\RUN_TESTS_force.rule">
      <Filter>CMake Rules</Filter>
    </CustomBuild>
  </ItemGroup>
  <ItemGroup>
    <Filter Include="CMake Rules">
      <UniqueIdentifier>{CE91B601-33DE-4BCD-BEF6-51E26B1834D3}</UniqueIdentifier>
    </Filter>
  </ItemGroup>
</Project>
