Microsoft Visual Studio Solution File, Format Version 12.00
# Visual Studio 2013
Project("{8BC9CEB8-8B4A-11D0-8D11-00A0C91BC942}") = "ALL_BUILD", "ALL_BUILD.vcxproj", "{825E81DB-A42D-4575-95B4-FA63394A5380}"
	ProjectSection(ProjectDependencies) = postProject
		{69F3D456-37D9-429A-AFD0-5649ACC3ADBC} = {69F3D456-37D9-429A-AFD0-5649ACC3ADBC}
		{D4D0927B-7A51-43CC-B574-A3878C09E291} = {D4D0927B-7A51-43CC-B574-A3878C09E291}
		{224845A0-6D8C-4067-B0E8-847B5A3678F8} = {224845A0-6D8C-4067-B0E8-847B5A3678F8}
		{5DA2DC1A-F976-4170-876A-C15E45E3D514} = {5DA2DC1A-F976-4170-876A-C15E45E3D514}
		{263F3F9B-8497-4781-A8B1-9F19FA119309} = {263F3F9B-8497-4781-A8B1-9F19FA119309}
	EndProjectSection
EndProject
Project("{8BC9CEB8-8B4A-11D0-8D11-00A0C91BC942}") = "INSTALL", "INSTALL.vcxproj", "{9B3533C4-4B21-4BB9-925F-A6805532701D}"
	ProjectSection(ProjectDependencies) = postProject
		{825E81DB-A42D-4575-95B4-FA63394A5380} = {825E81DB-A42D-4575-95B4-FA63394A5380}
	EndProjectSection
EndProject
Project("{8BC9CEB8-8B4A-11D0-8D11-00A0C91BC942}") = "RUN_TESTS", "RUN_TESTS.vcxproj", "{A6D0D623-1D66-4516-9028-7E8C84658356}"
	ProjectSection(ProjectDependencies) = postProject
	EndProjectSection
EndProject
Project("{8BC9CEB8-8B4A-11D0-8D11-00A0C91BC942}") = "ZERO_CHECK", "ZERO_CHECK.vcxproj", "{69F3D456-37D9-429A-AFD0-5649ACC3ADBC}"
	ProjectSection(ProjectDependencies) = postProject
	EndProjectSection
EndProject
Project("{8BC9CEB8-8B4A-11D0-8D11-00A0C91BC942}") = "example", "example.vcxproj", "{D4D0927B-7A51-43CC-B574-A3878C09E291}"
	ProjectSection(ProjectDependencies) = postProject
		{69F3D456-37D9-429A-AFD0-5649ACC3ADBC} = {69F3D456-37D9-429A-AFD0-5649ACC3ADBC}
		{5DA2DC1A-F976-4170-876A-C15E45E3D514} = {5DA2DC1A-F976-4170-876A-C15E45E3D514}
	EndProjectSection
EndProject
Project("{8BC9CEB8-8B4A-11D0-8D11-00A0C91BC942}") = "minigzip", "minigzip.vcxproj", "{224845A0-6D8C-4067-B0E8-847B5A3678F8}"
	ProjectSection(ProjectDependencies) = postProject
		{69F3D456-37D9-429A-AFD0-5649ACC3ADBC} = {69F3D456-37D9-429A-AFD0-5649ACC3ADBC}
		{5DA2DC1A-F976-4170-876A-C15E45E3D514} = {5DA2DC1A-F976-4170-876A-C15E45E3D514}
	EndProjectSection
EndProject
Project("{8BC9CEB8-8B4A-11D0-8D11-00A0C91BC942}") = "zlib", "zlib.vcxproj", "{5DA2DC1A-F976-4170-876A-C15E45E3D514}"
	ProjectSection(ProjectDependencies) = postProject
		{69F3D456-37D9-429A-AFD0-5649ACC3ADBC} = {69F3D456-37D9-429A-AFD0-5649ACC3ADBC}
	EndProjectSection
EndProject
Project("{8BC9CEB8-8B4A-11D0-8D11-00A0C91BC942}") = "zlibstatic", "zlibstatic.vcxproj", "{263F3F9B-8497-4781-A8B1-9F19FA119309}"
	ProjectSection(ProjectDependencies) = postProject
		{69F3D456-37D9-429A-AFD0-5649ACC3ADBC} = {69F3D456-37D9-429A-AFD0-5649ACC3ADBC}
	EndProjectSection
EndProject
Global
	GlobalSection(SolutionConfigurationPlatforms) = preSolution
		Debug|Win32 = Debug|Win32
		Release|Win32 = Release|Win32
		MinSizeRel|Win32 = MinSizeRel|Win32
		RelWithDebInfo|Win32 = RelWithDebInfo|Win32
	EndGlobalSection
	GlobalSection(ProjectConfigurationPlatforms) = postSolution
		{825E81DB-A42D-4575-95B4-FA63394A5380}.Debug|Win32.ActiveCfg = Debug|Win32
		{825E81DB-A42D-4575-95B4-FA63394A5380}.Debug|Win32.Build.0 = Debug|Win32
		{825E81DB-A42D-4575-95B4-FA63394A5380}.Release|Win32.ActiveCfg = Release|Win32
		{825E81DB-A42D-4575-95B4-FA63394A5380}.Release|Win32.Build.0 = Release|Win32
		{825E81DB-A42D-4575-95B4-FA63394A5380}.MinSizeRel|Win32.ActiveCfg = MinSizeRel|Win32
		{825E81DB-A42D-4575-95B4-FA63394A5380}.MinSizeRel|Win32.Build.0 = MinSizeRel|Win32
		{825E81DB-A42D-4575-95B4-FA63394A5380}.RelWithDebInfo|Win32.ActiveCfg = RelWithDebInfo|Win32
		{825E81DB-A42D-4575-95B4-FA63394A5380}.RelWithDebInfo|Win32.Build.0 = RelWithDebInfo|Win32
		{9B3533C4-4B21-4BB9-925F-A6805532701D}.Debug|Win32.ActiveCfg = Debug|Win32
		{9B3533C4-4B21-4BB9-925F-A6805532701D}.Release|Win32.ActiveCfg = Release|Win32
		{9B3533C4-4B21-4BB9-925F-A6805532701D}.MinSizeRel|Win32.ActiveCfg = MinSizeRel|Win32
		{9B3533C4-4B21-4BB9-925F-A6805532701D}.RelWithDebInfo|Win32.ActiveCfg = RelWithDebInfo|Win32
		{A6D0D623-1D66-4516-9028-7E8C84658356}.Debug|Win32.ActiveCfg = Debug|Win32
		{A6D0D623-1D66-4516-9028-7E8C84658356}.Release|Win32.ActiveCfg = Release|Win32
		{A6D0D623-1D66-4516-9028-7E8C84658356}.MinSizeRel|Win32.ActiveCfg = MinSizeRel|Win32
		{A6D0D623-1D66-4516-9028-7E8C84658356}.RelWithDebInfo|Win32.ActiveCfg = RelWithDebInfo|Win32
		{69F3D456-37D9-429A-AFD0-5649ACC3ADBC}.Debug|Win32.ActiveCfg = Debug|Win32
		{69F3D456-37D9-429A-AFD0-5649ACC3ADBC}.Debug|Win32.Build.0 = Debug|Win32
		{69F3D456-37D9-429A-AFD0-5649ACC3ADBC}.Release|Win32.ActiveCfg = Release|Win32
		{69F3D456-37D9-429A-AFD0-5649ACC3ADBC}.Release|Win32.Build.0 = Release|Win32
		{69F3D456-37D9-429A-AFD0-5649ACC3ADBC}.MinSizeRel|Win32.ActiveCfg = MinSizeRel|Win32
		{69F3D456-37D9-429A-AFD0-5649ACC3ADBC}.MinSizeRel|Win32.Build.0 = MinSizeRel|Win32
		{69F3D456-37D9-429A-AFD0-5649ACC3ADBC}.RelWithDebInfo|Win32.ActiveCfg = RelWithDebInfo|Win32
		{69F3D456-37D9-429A-AFD0-5649ACC3ADBC}.RelWithDebInfo|Win32.Build.0 = RelWithDebInfo|Win32
		{D4D0927B-7A51-43CC-B574-A3878C09E291}.Debug|Win32.ActiveCfg = Debug|Win32
		{D4D0927B-7A51-43CC-B574-A3878C09E291}.Debug|Win32.Build.0 = Debug|Win32
		{D4D0927B-7A51-43CC-B574-A3878C09E291}.Release|Win32.ActiveCfg = Release|Win32
		{D4D0927B-7A51-43CC-B574-A3878C09E291}.Release|Win32.Build.0 = Release|Win32
		{D4D0927B-7A51-43CC-B574-A3878C09E291}.MinSizeRel|Win32.ActiveCfg = MinSizeRel|Win32
		{D4D0927B-7A51-43CC-B574-A3878C09E291}.MinSizeRel|Win32.Build.0 = MinSizeRel|Win32
		{D4D0927B-7A51-43CC-B574-A3878C09E291}.RelWithDebInfo|Win32.ActiveCfg = RelWithDebInfo|Win32
		{D4D0927B-7A51-43CC-B574-A3878C09E291}.RelWithDebInfo|Win32.Build.0 = RelWithDebInfo|Win32
		{224845A0-6D8C-4067-B0E8-847B5A3678F8}.Debug|Win32.ActiveCfg = Debug|Win32
		{224845A0-6D8C-4067-B0E8-847B5A3678F8}.Debug|Win32.Build.0 = Debug|Win32
		{224845A0-6D8C-4067-B0E8-847B5A3678F8}.Release|Win32.ActiveCfg = Release|Win32
		{224845A0-6D8C-4067-B0E8-847B5A3678F8}.Release|Win32.Build.0 = Release|Win32
		{224845A0-6D8C-4067-B0E8-847B5A3678F8}.MinSizeRel|Win32.ActiveCfg = MinSizeRel|Win32
		{224845A0-6D8C-4067-B0E8-847B5A3678F8}.MinSizeRel|Win32.Build.0 = MinSizeRel|Win32
		{224845A0-6D8C-4067-B0E8-847B5A3678F8}.RelWithDebInfo|Win32.ActiveCfg = RelWithDebInfo|Win32
		{224845A0-6D8C-4067-B0E8-847B5A3678F8}.RelWithDebInfo|Win32.Build.0 = RelWithDebInfo|Win32
		{5DA2DC1A-F976-4170-876A-C15E45E3D514}.Debug|Win32.ActiveCfg = Debug|Win32
		{5DA2DC1A-F976-4170-876A-C15E45E3D514}.Debug|Win32.Build.0 = Debug|Win32
		{5DA2DC1A-F976-4170-876A-C15E45E3D514}.Release|Win32.ActiveCfg = Release|Win32
		{5DA2DC1A-F976-4170-876A-C15E45E3D514}.Release|Win32.Build.0 = Release|Win32
		{5DA2DC1A-F976-4170-876A-C15E45E3D514}.MinSizeRel|Win32.ActiveCfg = MinSizeRel|Win32
		{5DA2DC1A-F976-4170-876A-C15E45E3D514}.MinSizeRel|Win32.Build.0 = MinSizeRel|Win32
		{5DA2DC1A-F976-4170-876A-C15E45E3D514}.RelWithDebInfo|Win32.ActiveCfg = RelWithDebInfo|Win32
		{5DA2DC1A-F976-4170-876A-C15E45E3D514}.RelWithDebInfo|Win32.Build.0 = RelWithDebInfo|Win32
		{263F3F9B-8497-4781-A8B1-9F19FA119309}.Debug|Win32.ActiveCfg = Debug|Win32
		{263F3F9B-8497-4781-A8B1-9F19FA119309}.Debug|Win32.Build.0 = Debug|Win32
		{263F3F9B-8497-4781-A8B1-9F19FA119309}.Release|Win32.ActiveCfg = Release|Win32
		{263F3F9B-8497-4781-A8B1-9F19FA119309}.Release|Win32.Build.0 = Release|Win32
		{263F3F9B-8497-4781-A8B1-9F19FA119309}.MinSizeRel|Win32.ActiveCfg = MinSizeRel|Win32
		{263F3F9B-8497-4781-A8B1-9F19FA119309}.MinSizeRel|Win32.Build.0 = MinSizeRel|Win32
		{263F3F9B-8497-4781-A8B1-9F19FA119309}.RelWithDebInfo|Win32.ActiveCfg = RelWithDebInfo|Win32
		{263F3F9B-8497-4781-A8B1-9F19FA119309}.RelWithDebInfo|Win32.Build.0 = RelWithDebInfo|Win32
	EndGlobalSection
	GlobalSection(ExtensibilityGlobals) = postSolution
	EndGlobalSection
	GlobalSection(ExtensibilityAddIns) = postSolution
	EndGlobalSection
EndGlobal
